
Microsoft Visual Studio Solution File, Format Version 12.00
# Visual Studio Version 17
VisualStudioVersion = 17.5.33516.290
MinimumVisualStudioVersion = 10.0.40219.1
Project("{FAE04EC0-301F-11D3-BF4B-00C04F79EFBC}") = "StocksManagementSystem.API", "StocksManagementSystem.API\StocksManagementSystem.API.csproj", "{A7DFFC42-A100-43D4-A61B-D811006AE621}"
EndProject
Project("{FAE04EC0-301F-11D3-BF4B-00C04F79EFBC}") = "StocksManagementSystem.Infrastucture", "StocksManagementSystem.Infrastucture\StocksManagementSystem.Infrastucture.csproj", "{40B3D426-4ABD-4D11-BE9B-8D65315C420C}"
EndProject
Project("{FAE04EC0-301F-11D3-BF4B-00C04F79EFBC}") = "StocksManagementSystem.Services", "StocksManagementSystem.Services\StocksManagementSystem.Services.csproj", "{06AEA4FD-75F7-4D60-B556-7FB163F6603E}"
EndProject
Project("{FAE04EC0-301F-11D3-BF4B-00C04F79EFBC}") = "StocksManagementSystem.Domain", "StocksManagementSystem.Domain\StocksManagementSystem.Domain.csproj", "{7F055C17-8676-49BB-BBD6-83C340C53F04}"
EndProject
Global
	GlobalSection(SolutionConfigurationPlatforms) = preSolution
		Debug|Any CPU = Debug|Any CPU
		Release|Any CPU = Release|Any CPU
	EndGlobalSection
	GlobalSection(ProjectConfigurationPlatforms) = postSolution
		{A7DFFC42-A100-43D4-A61B-D811006AE621}.Debug|Any CPU.ActiveCfg = Debug|Any CPU
		{A7DFFC42-A100-43D4-A61B-D811006AE621}.Debug|Any CPU.Build.0 = Debug|Any CPU
		{A7DFFC42-A100-43D4-A61B-D811006AE621}.Release|Any CPU.ActiveCfg = Release|Any CPU
		{A7DFFC42-A100-43D4-A61B-D811006AE621}.Release|Any CPU.Build.0 = Release|Any CPU
		{40B3D426-4ABD-4D11-BE9B-8D65315C420C}.Debug|Any CPU.ActiveCfg = Debug|Any CPU
		{40B3D426-4ABD-4D11-BE9B-8D65315C420C}.Debug|Any CPU.Build.0 = Debug|Any CPU
		{40B3D426-4ABD-4D11-BE9B-8D65315C420C}.Release|Any CPU.ActiveCfg = Release|Any CPU
		{40B3D426-4ABD-4D11-BE9B-8D65315C420C}.Release|Any CPU.Build.0 = Release|Any CPU
		{06AEA4FD-75F7-4D60-B556-7FB163F6603E}.Debug|Any CPU.ActiveCfg = Debug|Any CPU
		{06AEA4FD-75F7-4D60-B556-7FB163F6603E}.Debug|Any CPU.Build.0 = Debug|Any CPU
		{06AEA4FD-75F7-4D60-B556-7FB163F6603E}.Release|Any CPU.ActiveCfg = Release|Any CPU
		{06AEA4FD-75F7-4D60-B556-7FB163F6603E}.Release|Any CPU.Build.0 = Release|Any CPU
		{7F055C17-8676-49BB-BBD6-83C340C53F04}.Debug|Any CPU.ActiveCfg = Debug|Any CPU
		{7F055C17-8676-49BB-BBD6-83C340C53F04}.Debug|Any CPU.Build.0 = Debug|Any CPU
		{7F055C17-8676-49BB-BBD6-83C340C53F04}.Release|Any CPU.ActiveCfg = Release|Any CPU
		{7F055C17-8676-49BB-BBD6-83C340C53F04}.Release|Any CPU.Build.0 = Release|Any CPU
	EndGlobalSection
	GlobalSection(SolutionProperties) = preSolution
		HideSolutionNode = FALSE
	EndGlobalSection
	GlobalSection(ExtensibilityGlobals) = postSolution
		SolutionGuid = {50A23059-8ADF-4909-B7FC-06BC33A88E0A}
	EndGlobalSection
EndGlobal
